
Microsoft Visual Studio Solution File, Format Version 12.00
# Visual Studio 15
VisualStudioVersion = 15.0.27703.2000
MinimumVisualStudioVersion = 10.0.40219.1
Project("{8BC9CEB8-8B4A-11D0-8D11-00A0C91BC942}") = "cpp_pathfinder", "cpp_pathfinder\cpp_pathfinder.vcxproj", "{6715D232-9DA5-46D9-8113-F7AD7726495B}"
EndProject
Global
	GlobalSection(SolutionConfigurationPlatforms) = preSolution
		Debug|x64 = Debug|x64
		Debug|x86 = Debug|x86
		Release|x64 = Release|x64
		Release|x86 = Release|x86
	EndGlobalSection
	GlobalSection(ProjectConfigurationPlatforms) = postSolution
		{6715D232-9DA5-46D9-8113-F7AD7726495B}.Debug|x64.ActiveCfg = Debug|x64
		{6715D232-9DA5-46D9-8113-F7AD7726495B}.Debug|x64.Build.0 = Debug|x64
		{6715D232-9DA5-46D9-8113-F7AD7726495B}.Debug|x86.ActiveCfg = Debug|Win32
		{6715D232-9DA5-46D9-8113-F7AD7726495B}.Debug|x86.Build.0 = Debug|Win32
		{6715D232-9DA5-46D9-8113-F7AD7726495B}.Release|x64.ActiveCfg = Release|x64
		{6715D232-9DA5-46D9-8113-F7AD7726495B}.Release|x64.Build.0 = Release|x64
		{6715D232-9DA5-46D9-8113-F7AD7726495B}.Release|x86.ActiveCfg = Release|Win32
		{6715D232-9DA5-46D9-8113-F7AD7726495B}.Release|x86.Build.0 = Release|Win32
	EndGlobalSection
	GlobalSection(SolutionProperties) = preSolution
		HideSolutionNode = FALSE
	EndGlobalSection
	GlobalSection(ExtensibilityGlobals) = postSolution
		SolutionGuid = {4E3EEDFB-0D6B-4F5C-B888-CB072AA3D463}
	EndGlobalSection
EndGlobal
